
Microsoft Visual Studio Solution File, Format Version 12.00
# Visual Studio 15
VisualStudioVersion = 15.0.26730.10
MinimumVisualStudioVersion = 10.0.40219.1
Project("{2150E333-8FDC-42A3-9474-1A3956D46DE8}") = "src", "src", "{F83F32DD-A104-432F-8CD4-236AC9D02ACA}"
EndProject
Project("{2150E333-8FDC-42A3-9474-1A3956D46DE8}") = "BuildingBlocks", "BuildingBlocks", "{F5D0333B-30F5-4719-B897-EF3D3854EC96}"
EndProject
Project("{2150E333-8FDC-42A3-9474-1A3956D46DE8}") = "EventBus", "EventBus", "{F08EE905-1129-4543-A63F-9D400CF696F0}"
EndProject
Project("{2150E333-8FDC-42A3-9474-1A3956D46DE8}") = "test", "test", "{6A0B5582-615F-46F4-A5D0-365982F3F48C}"
EndProject
Project("{2150E333-8FDC-42A3-9474-1A3956D46DE8}") = "HealthChecks", "HealthChecks", "{4CCACBAF-7317-48F4-ACEF-5425224D87A9}"
EndProject
Project("{9A19103F-16F7-4668-BE54-9A1E7A4F7556}") = "EventBus", "src\BuildingBlocks\EventBus\EventBus\EventBus.csproj", "{EE12F2A7-2AE9-49B2-802D-B792DBF256BC}"
EndProject
Project("{9A19103F-16F7-4668-BE54-9A1E7A4F7556}") = "EventBusRabbitMQ", "src\BuildingBlocks\EventBus\EventBusRabbitMQ\EventBusRabbitMQ.csproj", "{B417D792-6232-4C07-BB83-A899B82AE15F}"
EndProject
Project("{9A19103F-16F7-4668-BE54-9A1E7A4F7556}") = "IntegrationEventLogEF", "src\BuildingBlocks\EventBus\IntegrationEventLogEF\IntegrationEventLogEF.csproj", "{20B1BCA7-DF7B-43E0-AE07-E3194576375E}"
EndProject
Project("{9A19103F-16F7-4668-BE54-9A1E7A4F7556}") = "Microsoft.AspNetCore.HealthChecks", "src\BuildingBlocks\HealthChecks\src\Microsoft.AspNetCore.HealthChecks\Microsoft.AspNetCore.HealthChecks.csproj", "{DBA1C71C-BCD9-414C-9363-68BE3C026303}"
EndProject
Project("{9A19103F-16F7-4668-BE54-9A1E7A4F7556}") = "Microsoft.Extensions.HealthChecks", "src\BuildingBlocks\HealthChecks\src\Microsoft.Extensions.HealthChecks\Microsoft.Extensions.HealthChecks.csproj", "{6068E5EC-F931-4B0F-8540-62E431D68274}"
EndProject
Project("{9A19103F-16F7-4668-BE54-9A1E7A4F7556}") = "Microsoft.Extensions.HealthChecks.SqlServer", "src\BuildingBlocks\HealthChecks\src\Microsoft.Extensions.HealthChecks.SqlServer\Microsoft.Extensions.HealthChecks.SqlServer.csproj", "{E002FE28-BAD0-4FF2-897B-6CEBCC65A5C7}"
EndProject
Project("{2150E333-8FDC-42A3-9474-1A3956D46DE8}") = "Services", "Services", "{FBA7408C-5162-40F7-A00B-93BA47F656DF}"
EndProject
Project("{2150E333-8FDC-42A3-9474-1A3956D46DE8}") = "Identity", "Identity", "{24C7B8CC-4A3D-4719-AC81-68B26C5C00FB}"
EndProject
Project("{9A19103F-16F7-4668-BE54-9A1E7A4F7556}") = "Identity.API", "src\Services\Identity\Identity.API\Identity.API.csproj", "{BE426A0F-E4DF-4A61-9024-718DA5E5A746}"
EndProject
Project("{2150E333-8FDC-42A3-9474-1A3956D46DE8}") = "DataProtection", "DataProtection", "{632FFA18-21E7-4A3E-B1B0-872A5047713B}"
EndProject
Project("{9A19103F-16F7-4668-BE54-9A1E7A4F7556}") = "DataProtection", "src\BuildingBlocks\DataProtection\DataProtection\DataProtection.csproj", "{D7050119-9B66-4FF9-88D2-1E3E94F426D6}"
EndProject
Project("{2150E333-8FDC-42A3-9474-1A3956D46DE8}") = "Catalog", "Catalog", "{65E3A51D-1536-46AB-90A6-DC5C9E331C98}"
EndProject
Project("{9A19103F-16F7-4668-BE54-9A1E7A4F7556}") = "Catalog.API", "src\Services\Catalog\Catalog.API\Catalog.API.csproj", "{1F639EF1-9DC5-456F-875E-F0B9F8DA6962}"
EndProject
Project("{9A19103F-16F7-4668-BE54-9A1E7A4F7556}") = "EventBusServiceBus", "src\BuildingBlocks\EventBus\EventBusServiceBus\EventBusServiceBus.csproj", "{DFE6F683-5022-4AEE-8ED4-F6B58317CFE3}"
EndProject
Project("{2150E333-8FDC-42A3-9474-1A3956D46DE8}") = "Ordering", "Ordering", "{17328769-6B41-42F6-95AC-6BA0BD8397F1}"
EndProject
Project("{9A19103F-16F7-4668-BE54-9A1E7A4F7556}") = "Ordering.API", "src\Services\Ordering\Ordering.API\Ordering.API.csproj", "{5B2F723C-A10A-4F2F-8437-96CA61A79E58}"
EndProject
Project("{9A19103F-16F7-4668-BE54-9A1E7A4F7556}") = "Ordering.Domain", "src\Services\Ordering\Ordering.Domain\Ordering.Domain.csproj", "{9DD71DD7-6678-4BF4-8971-1A33EB2DECB8}"
EndProject
Project("{9A19103F-16F7-4668-BE54-9A1E7A4F7556}") = "Ordering.Infrastructure", "src\Services\Ordering\Ordering.Infrastructure\Ordering.Infrastructure.csproj", "{50C32535-68BF-4134-8EE2-F74D80176D0C}"
EndProject
Project("{2150E333-8FDC-42A3-9474-1A3956D46DE8}") = "Services", "Services", "{736E7F4D-478F-47F1-B774-024945C8EF5F}"
EndProject
Project("{9A19103F-16F7-4668-BE54-9A1E7A4F7556}") = "EventBus.Tests", "src\BuildingBlocks\EventBus\EventBus.Tests\EventBus.Tests.csproj", "{C145573A-FEF4-4990-A41A-0501ABF11F5E}"
EndProject
Project("{2150E333-8FDC-42A3-9474-1A3956D46DE8}") = "WebHost", "WebHost", "{15732E00-A54D-460A-80F4-458DC772A2F5}"
EndProject
Project("{9A19103F-16F7-4668-BE54-9A1E7A4F7556}") = "WebHost.Customization", "src\BuildingBlocks\WebHost\WebHost.Customization\WebHost.Customization.csproj", "{46D817B6-1202-4944-AFA1-0995FF93DE87}"
EndProject
Project("{FAE04EC0-301F-11D3-BF4B-00C04F79EFBC}") = "UnitTest", "test\Services\UnitTest\UnitTest.csproj", "{D93E1B25-C6EB-4E20-A924-5BB1597E63C6}"
EndProject
Global
	GlobalSection(SolutionConfigurationPlatforms) = preSolution
		Debug|Any CPU = Debug|Any CPU
		Release|Any CPU = Release|Any CPU
	EndGlobalSection
	GlobalSection(ProjectConfigurationPlatforms) = postSolution
		{EE12F2A7-2AE9-49B2-802D-B792DBF256BC}.Debug|Any CPU.ActiveCfg = Debug|Any CPU
		{EE12F2A7-2AE9-49B2-802D-B792DBF256BC}.Debug|Any CPU.Build.0 = Debug|Any CPU
		{EE12F2A7-2AE9-49B2-802D-B792DBF256BC}.Release|Any CPU.ActiveCfg = Release|Any CPU
		{EE12F2A7-2AE9-49B2-802D-B792DBF256BC}.Release|Any CPU.Build.0 = Release|Any CPU
		{B417D792-6232-4C07-BB83-A899B82AE15F}.Debug|Any CPU.ActiveCfg = Debug|Any CPU
		{B417D792-6232-4C07-BB83-A899B82AE15F}.Debug|Any CPU.Build.0 = Debug|Any CPU
		{B417D792-6232-4C07-BB83-A899B82AE15F}.Release|Any CPU.ActiveCfg = Release|Any CPU
		{B417D792-6232-4C07-BB83-A899B82AE15F}.Release|Any CPU.Build.0 = Release|Any CPU
		{20B1BCA7-DF7B-43E0-AE07-E3194576375E}.Debug|Any CPU.ActiveCfg = Debug|Any CPU
		{20B1BCA7-DF7B-43E0-AE07-E3194576375E}.Debug|Any CPU.Build.0 = Debug|Any CPU
		{20B1BCA7-DF7B-43E0-AE07-E3194576375E}.Release|Any CPU.ActiveCfg = Release|Any CPU
		{20B1BCA7-DF7B-43E0-AE07-E3194576375E}.Release|Any CPU.Build.0 = Release|Any CPU
		{DBA1C71C-BCD9-414C-9363-68BE3C026303}.Debug|Any CPU.ActiveCfg = Debug|Any CPU
		{DBA1C71C-BCD9-414C-9363-68BE3C026303}.Debug|Any CPU.Build.0 = Debug|Any CPU
		{DBA1C71C-BCD9-414C-9363-68BE3C026303}.Release|Any CPU.ActiveCfg = Release|Any CPU
		{DBA1C71C-BCD9-414C-9363-68BE3C026303}.Release|Any CPU.Build.0 = Release|Any CPU
		{6068E5EC-F931-4B0F-8540-62E431D68274}.Debug|Any CPU.ActiveCfg = Debug|Any CPU
		{6068E5EC-F931-4B0F-8540-62E431D68274}.Debug|Any CPU.Build.0 = Debug|Any CPU
		{6068E5EC-F931-4B0F-8540-62E431D68274}.Release|Any CPU.ActiveCfg = Release|Any CPU
		{6068E5EC-F931-4B0F-8540-62E431D68274}.Release|Any CPU.Build.0 = Release|Any CPU
		{E002FE28-BAD0-4FF2-897B-6CEBCC65A5C7}.Debug|Any CPU.ActiveCfg = Debug|Any CPU
		{E002FE28-BAD0-4FF2-897B-6CEBCC65A5C7}.Debug|Any CPU.Build.0 = Debug|Any CPU
		{E002FE28-BAD0-4FF2-897B-6CEBCC65A5C7}.Release|Any CPU.ActiveCfg = Release|Any CPU
		{E002FE28-BAD0-4FF2-897B-6CEBCC65A5C7}.Release|Any CPU.Build.0 = Release|Any CPU
		{BE426A0F-E4DF-4A61-9024-718DA5E5A746}.Debug|Any CPU.ActiveCfg = Debug|Any CPU
		{BE426A0F-E4DF-4A61-9024-718DA5E5A746}.Debug|Any CPU.Build.0 = Debug|Any CPU
		{BE426A0F-E4DF-4A61-9024-718DA5E5A746}.Release|Any CPU.ActiveCfg = Release|Any CPU
		{BE426A0F-E4DF-4A61-9024-718DA5E5A746}.Release|Any CPU.Build.0 = Release|Any CPU
		{D7050119-9B66-4FF9-88D2-1E3E94F426D6}.Debug|Any CPU.ActiveCfg = Debug|Any CPU
		{D7050119-9B66-4FF9-88D2-1E3E94F426D6}.Debug|Any CPU.Build.0 = Debug|Any CPU
		{D7050119-9B66-4FF9-88D2-1E3E94F426D6}.Release|Any CPU.ActiveCfg = Release|Any CPU
		{D7050119-9B66-4FF9-88D2-1E3E94F426D6}.Release|Any CPU.Build.0 = Release|Any CPU
		{1F639EF1-9DC5-456F-875E-F0B9F8DA6962}.Debug|Any CPU.ActiveCfg = Debug|Any CPU
		{1F639EF1-9DC5-456F-875E-F0B9F8DA6962}.Debug|Any CPU.Build.0 = Debug|Any CPU
		{1F639EF1-9DC5-456F-875E-F0B9F8DA6962}.Release|Any CPU.ActiveCfg = Release|Any CPU
		{1F639EF1-9DC5-456F-875E-F0B9F8DA6962}.Release|Any CPU.Build.0 = Release|Any CPU
		{DFE6F683-5022-4AEE-8ED4-F6B58317CFE3}.Debug|Any CPU.ActiveCfg = Debug|Any CPU
		{DFE6F683-5022-4AEE-8ED4-F6B58317CFE3}.Debug|Any CPU.Build.0 = Debug|Any CPU
		{DFE6F683-5022-4AEE-8ED4-F6B58317CFE3}.Release|Any CPU.ActiveCfg = Release|Any CPU
		{DFE6F683-5022-4AEE-8ED4-F6B58317CFE3}.Release|Any CPU.Build.0 = Release|Any CPU
		{5B2F723C-A10A-4F2F-8437-96CA61A79E58}.Debug|Any CPU.ActiveCfg = Debug|Any CPU
		{5B2F723C-A10A-4F2F-8437-96CA61A79E58}.Debug|Any CPU.Build.0 = Debug|Any CPU
		{5B2F723C-A10A-4F2F-8437-96CA61A79E58}.Release|Any CPU.ActiveCfg = Release|Any CPU
		{5B2F723C-A10A-4F2F-8437-96CA61A79E58}.Release|Any CPU.Build.0 = Release|Any CPU
		{9DD71DD7-6678-4BF4-8971-1A33EB2DECB8}.Debug|Any CPU.ActiveCfg = Debug|Any CPU
		{9DD71DD7-6678-4BF4-8971-1A33EB2DECB8}.Debug|Any CPU.Build.0 = Debug|Any CPU
		{9DD71DD7-6678-4BF4-8971-1A33EB2DECB8}.Release|Any CPU.ActiveCfg = Release|Any CPU
		{9DD71DD7-6678-4BF4-8971-1A33EB2DECB8}.Release|Any CPU.Build.0 = Release|Any CPU
		{50C32535-68BF-4134-8EE2-F74D80176D0C}.Debug|Any CPU.ActiveCfg = Debug|Any CPU
		{50C32535-68BF-4134-8EE2-F74D80176D0C}.Debug|Any CPU.Build.0 = Debug|Any CPU
		{50C32535-68BF-4134-8EE2-F74D80176D0C}.Release|Any CPU.ActiveCfg = Release|Any CPU
		{50C32535-68BF-4134-8EE2-F74D80176D0C}.Release|Any CPU.Build.0 = Release|Any CPU
		{C145573A-FEF4-4990-A41A-0501ABF11F5E}.Debug|Any CPU.ActiveCfg = Debug|Any CPU
		{C145573A-FEF4-4990-A41A-0501ABF11F5E}.Debug|Any CPU.Build.0 = Debug|Any CPU
		{C145573A-FEF4-4990-A41A-0501ABF11F5E}.Release|Any CPU.ActiveCfg = Release|Any CPU
		{C145573A-FEF4-4990-A41A-0501ABF11F5E}.Release|Any CPU.Build.0 = Release|Any CPU
		{46D817B6-1202-4944-AFA1-0995FF93DE87}.Debug|Any CPU.ActiveCfg = Debug|Any CPU
		{46D817B6-1202-4944-AFA1-0995FF93DE87}.Debug|Any CPU.Build.0 = Debug|Any CPU
		{46D817B6-1202-4944-AFA1-0995FF93DE87}.Release|Any CPU.ActiveCfg = Release|Any CPU
		{46D817B6-1202-4944-AFA1-0995FF93DE87}.Release|Any CPU.Build.0 = Release|Any CPU
		{D93E1B25-C6EB-4E20-A924-5BB1597E63C6}.Debug|Any CPU.ActiveCfg = Debug|Any CPU
		{D93E1B25-C6EB-4E20-A924-5BB1597E63C6}.Debug|Any CPU.Build.0 = Debug|Any CPU
		{D93E1B25-C6EB-4E20-A924-5BB1597E63C6}.Release|Any CPU.ActiveCfg = Release|Any CPU
		{D93E1B25-C6EB-4E20-A924-5BB1597E63C6}.Release|Any CPU.Build.0 = Release|Any CPU
	EndGlobalSection
	GlobalSection(SolutionProperties) = preSolution
		HideSolutionNode = FALSE
	EndGlobalSection
	GlobalSection(NestedProjects) = preSolution
		{F5D0333B-30F5-4719-B897-EF3D3854EC96} = {F83F32DD-A104-432F-8CD4-236AC9D02ACA}
		{F08EE905-1129-4543-A63F-9D400CF696F0} = {F5D0333B-30F5-4719-B897-EF3D3854EC96}
		{4CCACBAF-7317-48F4-ACEF-5425224D87A9} = {F5D0333B-30F5-4719-B897-EF3D3854EC96}
		{EE12F2A7-2AE9-49B2-802D-B792DBF256BC} = {F08EE905-1129-4543-A63F-9D400CF696F0}
		{B417D792-6232-4C07-BB83-A899B82AE15F} = {F08EE905-1129-4543-A63F-9D400CF696F0}
		{20B1BCA7-DF7B-43E0-AE07-E3194576375E} = {F08EE905-1129-4543-A63F-9D400CF696F0}
		{DBA1C71C-BCD9-414C-9363-68BE3C026303} = {4CCACBAF-7317-48F4-ACEF-5425224D87A9}
		{6068E5EC-F931-4B0F-8540-62E431D68274} = {4CCACBAF-7317-48F4-ACEF-5425224D87A9}
		{E002FE28-BAD0-4FF2-897B-6CEBCC65A5C7} = {4CCACBAF-7317-48F4-ACEF-5425224D87A9}
		{FBA7408C-5162-40F7-A00B-93BA47F656DF} = {F83F32DD-A104-432F-8CD4-236AC9D02ACA}
		{24C7B8CC-4A3D-4719-AC81-68B26C5C00FB} = {FBA7408C-5162-40F7-A00B-93BA47F656DF}
		{BE426A0F-E4DF-4A61-9024-718DA5E5A746} = {24C7B8CC-4A3D-4719-AC81-68B26C5C00FB}
		{632FFA18-21E7-4A3E-B1B0-872A5047713B} = {F5D0333B-30F5-4719-B897-EF3D3854EC96}
		{D7050119-9B66-4FF9-88D2-1E3E94F426D6} = {632FFA18-21E7-4A3E-B1B0-872A5047713B}
		{65E3A51D-1536-46AB-90A6-DC5C9E331C98} = {FBA7408C-5162-40F7-A00B-93BA47F656DF}
		{1F639EF1-9DC5-456F-875E-F0B9F8DA6962} = {65E3A51D-1536-46AB-90A6-DC5C9E331C98}
		{DFE6F683-5022-4AEE-8ED4-F6B58317CFE3} = {F08EE905-1129-4543-A63F-9D400CF696F0}
		{17328769-6B41-42F6-95AC-6BA0BD8397F1} = {FBA7408C-5162-40F7-A00B-93BA47F656DF}
		{5B2F723C-A10A-4F2F-8437-96CA61A79E58} = {17328769-6B41-42F6-95AC-6BA0BD8397F1}
		{9DD71DD7-6678-4BF4-8971-1A33EB2DECB8} = {17328769-6B41-42F6-95AC-6BA0BD8397F1}
		{50C32535-68BF-4134-8EE2-F74D80176D0C} = {17328769-6B41-42F6-95AC-6BA0BD8397F1}
		{736E7F4D-478F-47F1-B774-024945C8EF5F} = {6A0B5582-615F-46F4-A5D0-365982F3F48C}
		{C145573A-FEF4-4990-A41A-0501ABF11F5E} = {F08EE905-1129-4543-A63F-9D400CF696F0}
		{15732E00-A54D-460A-80F4-458DC772A2F5} = {F5D0333B-30F5-4719-B897-EF3D3854EC96}
		{46D817B6-1202-4944-AFA1-0995FF93DE87} = {15732E00-A54D-460A-80F4-458DC772A2F5}
		{D93E1B25-C6EB-4E20-A924-5BB1597E63C6} = {736E7F4D-478F-47F1-B774-024945C8EF5F}
	EndGlobalSection
	GlobalSection(ExtensibilityGlobals) = postSolution
		SolutionGuid = {EA3A6B23-F87C-4DE7-A184-DABF5DC096A8}
	EndGlobalSection
EndGlobal
